
Microsoft Visual Studio Solution File, Format Version 12.00
# Visual Studio Version 16
VisualStudioVersion = 16.0.29519.87
MinimumVisualStudioVersion = 10.0.40219.1
Project("{9A19103F-16F7-4668-BE54-9A1E7A4F7556}") = "OpenTSDB.Core", "OpenTSDB.Core.csproj", "{A525A9EF-5293-479D-8EF2-5CC754C65BF7}"
EndProject
Global
	GlobalSection(SolutionConfigurationPlatforms) = preSolution
		Debug|Any CPU = Debug|Any CPU
		Release|Any CPU = Release|Any CPU
	EndGlobalSection
	GlobalSection(ProjectConfigurationPlatforms) = postSolution
		{A525A9EF-5293-479D-8EF2-5CC754C65BF7}.Debug|Any CPU.ActiveCfg = Debug|Any CPU
		{A525A9EF-5293-479D-8EF2-5CC754C65BF7}.Debug|Any CPU.Build.0 = Debug|Any CPU
		{A525A9EF-5293-479D-8EF2-5CC754C65BF7}.Release|Any CPU.ActiveCfg = Release|Any CPU
		{A525A9EF-5293-479D-8EF2-5CC754C65BF7}.Release|Any CPU.Build.0 = Release|Any CPU
	EndGlobalSection
	GlobalSection(SolutionProperties) = preSolution
		HideSolutionNode = FALSE
	EndGlobalSection
	GlobalSection(ExtensibilityGlobals) = postSolution
		SolutionGuid = {A2288E08-977E-47BA-A91F-7764BA0A2448}
	EndGlobalSection
EndGlobal
